# Code generated by scarb DO NOT EDIT.
version = 1

[[package]]
name = "alexandria_ascii"
version = "0.1.0"
source = "git+https://github.com/keep-starknet-strange/alexandria.git?tag=cairo-v2.5.4#e7b69575f92076e96a83a76efa6bed3c32a15f9f"
dependencies = [
 "alexandria_data_structures",
]

[[package]]
name = "alexandria_data_structures"
version = "0.2.0"
source = "git+https://github.com/keep-starknet-strange/alexandria.git?tag=cairo-v2.5.4#e7b69575f92076e96a83a76efa6bed3c32a15f9f"
dependencies = [
 "alexandria_encoding",
]

[[package]]
name = "alexandria_encoding"
version = "0.1.0"
source = "git+https://github.com/keep-starknet-strange/alexandria.git?tag=cairo-v2.5.4#e7b69575f92076e96a83a76efa6bed3c32a15f9f"
dependencies = [
 "alexandria_math",
 "alexandria_numeric",
]

[[package]]
name = "alexandria_math"
version = "0.2.0"
source = "git+https://github.com/keep-starknet-strange/alexandria.git?tag=cairo-v2.5.4#e7b69575f92076e96a83a76efa6bed3c32a15f9f"
dependencies = [
 "alexandria_data_structures",
]

[[package]]
name = "alexandria_numeric"
version = "0.1.0"
source = "git+https://github.com/keep-starknet-strange/alexandria.git?tag=cairo-v2.5.4#e7b69575f92076e96a83a76efa6bed3c32a15f9f"
dependencies = [
 "alexandria_math",
]

[[package]]
name = "alexandria_storage"
version = "0.3.0"
source = "git+https://github.com/keep-starknet-strange/alexandria.git?tag=cairo-v2.5.4#e7b69575f92076e96a83a76efa6bed3c32a15f9f"

[[package]]
name = "erc20"
version = "0.1.0"
dependencies = [
 "alexandria_ascii",
 "alexandria_math",
 "alexandria_storage",
 "openzeppelin",
]

[[package]]
name = "openzeppelin"
version = "0.9.0"
source = "git+https://github.com/OpenZeppelin/cairo-contracts.git?tag=v0.9.0#364db5b1aecc1335d2e65db887291d19aa28937d"
